// !$*UTF8*$!
{
	archiveVersion = 1;
	classes = {
	};
	objectVersion = 56;
	objects = {

/* Begin PBXBuildFile section */
		5B1DD9742A075A0C008996DA /* OpenAIClient.swift in Sources */ = {isa = PBXBuildFile; fileRef = 5B1DD9732A075A0C008996DA /* OpenAIClient.swift */; };
		5B1DD9772A075CD4008996DA /* ChatRequest.swift in Sources */ = {isa = PBXBuildFile; fileRef = 5B1DD9762A075CD4008996DA /* ChatRequest.swift */; };
		5B1DD97B2A075E6D008996DA /* ChatMessage.swift in Sources */ = {isa = PBXBuildFile; fileRef = 5B1DD97A2A075E6D008996DA /* ChatMessage.swift */; };
		5B1DD97D2A075EBD008996DA /* ChatResponse.swift in Sources */ = {isa = PBXBuildFile; fileRef = 5B1DD97C2A075EBD008996DA /* ChatResponse.swift */; };
		5B1DD97F2A075F5C008996DA /* Usage.swift in Sources */ = {isa = PBXBuildFile; fileRef = 5B1DD97E2A075F5C008996DA /* Usage.swift */; };
		5B1DD9812A075FBB008996DA /* FinishReason.swift in Sources */ = {isa = PBXBuildFile; fileRef = 5B1DD9802A075FBB008996DA /* FinishReason.swift */; };
		5B1DD9842A0765A6008996DA /* APIRequest.swift in Sources */ = {isa = PBXBuildFile; fileRef = 5B1DD9832A0765A6008996DA /* APIRequest.swift */; };
		5B1DD9862A0765AE008996DA /* APIResponse.swift in Sources */ = {isa = PBXBuildFile; fileRef = 5B1DD9852A0765AE008996DA /* APIResponse.swift */; };
		5B1DD9882A0765C0008996DA /* APICommunicator.swift in Sources */ = {isa = PBXBuildFile; fileRef = 5B1DD9872A0765C0008996DA /* APICommunicator.swift */; };
		5B1DD98A2A07A866008996DA /* DevMenuView.swift in Sources */ = {isa = PBXBuildFile; fileRef = 5B1DD9892A07A866008996DA /* DevMenuView.swift */; };
		5B426F192A0A5AC9006294C0 /* Style.swift in Sources */ = {isa = PBXBuildFile; fileRef = 5B426F182A0A5AC9006294C0 /* Style.swift */; };
		5B6A6C3B2A0F875300303B4B /* OpenAIModel.swift in Sources */ = {isa = PBXBuildFile; fileRef = 5B6A6C3A2A0F875300303B4B /* OpenAIModel.swift */; };
		5B6A6C3E2A0F882D00303B4B /* ModelsResponse.swift in Sources */ = {isa = PBXBuildFile; fileRef = 5B6A6C3D2A0F882D00303B4B /* ModelsResponse.swift */; };
		5B83CC842A0BA74F00A77FC6 /* View+Extension.swift in Sources */ = {isa = PBXBuildFile; fileRef = 5B83CC832A0BA74F00A77FC6 /* View+Extension.swift */; };
		5B963B7E2A189097005921F5 /* JSONHelper.swift in Sources */ = {isa = PBXBuildFile; fileRef = 5B963B7D2A189097005921F5 /* JSONHelper.swift */; };
		5B963B802A18A580005921F5 /* MessageBuilder.swift in Sources */ = {isa = PBXBuildFile; fileRef = 5B963B7F2A18A580005921F5 /* MessageBuilder.swift */; };
		5B963B822A18CAD4005921F5 /* AppState.swift in Sources */ = {isa = PBXBuildFile; fileRef = 5B963B812A18CAD4005921F5 /* AppState.swift */; };
		5BB0AA8A2A10D799003A8804 /* Summary+CoreDataClass.swift in Sources */ = {isa = PBXBuildFile; fileRef = 5BB0AA882A10D799003A8804 /* Summary+CoreDataClass.swift */; };
		5BB0AA8B2A10D799003A8804 /* Summary+CoreDataProperties.swift in Sources */ = {isa = PBXBuildFile; fileRef = 5BB0AA892A10D799003A8804 /* Summary+CoreDataProperties.swift */; };
		5BD871EF2A049DAB003A169E /* UserDataManager.swift in Sources */ = {isa = PBXBuildFile; fileRef = 5BD871EE2A049DAB003A169E /* UserDataManager.swift */; };
		5BD871F12A04A237003A169E /* EditBotView.swift in Sources */ = {isa = PBXBuildFile; fileRef = 5BD871F02A04A237003A169E /* EditBotView.swift */; };
		5BD871F32A04A333003A169E /* NewBotView.swift in Sources */ = {isa = PBXBuildFile; fileRef = 5BD871F22A04A333003A169E /* NewBotView.swift */; };
		5BD872002A063E3D003A169E /* RoomBot+CoreDataClass.swift in Sources */ = {isa = PBXBuildFile; fileRef = 5BD871FE2A063E3D003A169E /* RoomBot+CoreDataClass.swift */; };
		5BD872012A063E3D003A169E /* RoomBot+CoreDataProperties.swift in Sources */ = {isa = PBXBuildFile; fileRef = 5BD871FF2A063E3D003A169E /* RoomBot+CoreDataProperties.swift */; };
		5BD872032A063F18003A169E /* RoomBotSelectView.swift in Sources */ = {isa = PBXBuildFile; fileRef = 5BD872022A063F18003A169E /* RoomBotSelectView.swift */; };
		5BD872082A06608A003A169E /* OpenAIConfig.swift in Sources */ = {isa = PBXBuildFile; fileRef = 5BD872072A06608A003A169E /* OpenAIConfig.swift */; };
		5BEFA4F42A036A41004B8537 /* AdvisersApp.swift in Sources */ = {isa = PBXBuildFile; fileRef = 5BEFA4F32A036A41004B8537 /* AdvisersApp.swift */; };
		5BEFA4F62A036A41004B8537 /* ContentView.swift in Sources */ = {isa = PBXBuildFile; fileRef = 5BEFA4F52A036A41004B8537 /* ContentView.swift */; };
		5BEFA4F82A036A42004B8537 /* Assets.xcassets in Resources */ = {isa = PBXBuildFile; fileRef = 5BEFA4F72A036A42004B8537 /* Assets.xcassets */; };
		5BEFA4FB2A036A42004B8537 /* Preview Assets.xcassets in Resources */ = {isa = PBXBuildFile; fileRef = 5BEFA4FA2A036A42004B8537 /* Preview Assets.xcassets */; };
		5BEFA4FD2A036A42004B8537 /* Persistence.swift in Sources */ = {isa = PBXBuildFile; fileRef = 5BEFA4FC2A036A42004B8537 /* Persistence.swift */; };
		5BEFA5002A036A42004B8537 /* Advisers.xcdatamodeld in Sources */ = {isa = PBXBuildFile; fileRef = 5BEFA4FE2A036A42004B8537 /* Advisers.xcdatamodeld */; };
		5BEFA51B2A036F4A004B8537 /* Bot+CoreDataClass.swift in Sources */ = {isa = PBXBuildFile; fileRef = 5BEFA5152A036F4A004B8537 /* Bot+CoreDataClass.swift */; };
		5BEFA51C2A036F4A004B8537 /* Bot+CoreDataProperties.swift in Sources */ = {isa = PBXBuildFile; fileRef = 5BEFA5162A036F4A004B8537 /* Bot+CoreDataProperties.swift */; };
		5BEFA51D2A036F4A004B8537 /* Room+CoreDataClass.swift in Sources */ = {isa = PBXBuildFile; fileRef = 5BEFA5172A036F4A004B8537 /* Room+CoreDataClass.swift */; };
		5BEFA51E2A036F4A004B8537 /* Room+CoreDataProperties.swift in Sources */ = {isa = PBXBuildFile; fileRef = 5BEFA5182A036F4A004B8537 /* Room+CoreDataProperties.swift */; };
		5BEFA5222A036FAE004B8537 /* RoomListView.swift in Sources */ = {isa = PBXBuildFile; fileRef = 5BEFA5212A036FAE004B8537 /* RoomListView.swift */; };
		5BEFA5242A037196004B8537 /* Date+Extension.swift in Sources */ = {isa = PBXBuildFile; fileRef = 5BEFA5232A037196004B8537 /* Date+Extension.swift */; };
		5BEFA5262A037619004B8537 /* RoomView.swift in Sources */ = {isa = PBXBuildFile; fileRef = 5BEFA5252A037619004B8537 /* RoomView.swift */; };
		5BEFA5282A0386FA004B8537 /* MessageRowView.swift in Sources */ = {isa = PBXBuildFile; fileRef = 5BEFA5272A0386FA004B8537 /* MessageRowView.swift */; };
		5BEFA5352A0391CA004B8537 /* UserMessage+CoreDataClass.swift in Sources */ = {isa = PBXBuildFile; fileRef = 5BEFA5312A0391CA004B8537 /* UserMessage+CoreDataClass.swift */; };
		5BEFA5362A0391CA004B8537 /* UserMessage+CoreDataProperties.swift in Sources */ = {isa = PBXBuildFile; fileRef = 5BEFA5322A0391CA004B8537 /* UserMessage+CoreDataProperties.swift */; };
		5BEFA5372A0391CA004B8537 /* BotMessage+CoreDataClass.swift in Sources */ = {isa = PBXBuildFile; fileRef = 5BEFA5332A0391CA004B8537 /* BotMessage+CoreDataClass.swift */; };
		5BEFA5382A0391CA004B8537 /* BotMessage+CoreDataProperties.swift in Sources */ = {isa = PBXBuildFile; fileRef = 5BEFA5342A0391CA004B8537 /* BotMessage+CoreDataProperties.swift */; };
		5BEFA53A2A03961A004B8537 /* Message.swift in Sources */ = {isa = PBXBuildFile; fileRef = 5BEFA5392A03961A004B8537 /* Message.swift */; };
		5BEFA5422A03AD42004B8537 /* NewRoomView.swift in Sources */ = {isa = PBXBuildFile; fileRef = 5BEFA5412A03AD42004B8537 /* NewRoomView.swift */; };
		5BEFA5442A03B128004B8537 /* RoomSettingView.swift in Sources */ = {isa = PBXBuildFile; fileRef = 5BEFA5432A03B128004B8537 /* RoomSettingView.swift */; };
		5BEFA5462A03B327004B8537 /* ModifyRoomNameView.swift in Sources */ = {isa = PBXBuildFile; fileRef = 5BEFA5452A03B327004B8537 /* ModifyRoomNameView.swift */; };
		5BEFA5482A03B38A004B8537 /* BasicRoomSettingView.swift in Sources */ = {isa = PBXBuildFile; fileRef = 5BEFA5472A03B38A004B8537 /* BasicRoomSettingView.swift */; };
		5BEFA54A2A03B7C0004B8537 /* RoomBotSettingView.swift in Sources */ = {isa = PBXBuildFile; fileRef = 5BEFA5492A03B7C0004B8537 /* RoomBotSettingView.swift */; };
		5BEFA54C2A03BC53004B8537 /* AppSettingView.swift in Sources */ = {isa = PBXBuildFile; fileRef = 5BEFA54B2A03BC53004B8537 /* AppSettingView.swift */; };
		5BEFA54E2A03BC79004B8537 /* AppBasicSettingView.swift in Sources */ = {isa = PBXBuildFile; fileRef = 5BEFA54D2A03BC79004B8537 /* AppBasicSettingView.swift */; };
		5BEFA5502A03BC8C004B8537 /* BotSettingView.swift in Sources */ = {isa = PBXBuildFile; fileRef = 5BEFA54F2A03BC8C004B8537 /* BotSettingView.swift */; };
		5BFC40312A07DE7F002AEBEC /* RoomConversationView.swift in Sources */ = {isa = PBXBuildFile; fileRef = 5BFC40302A07DE7F002AEBEC /* RoomConversationView.swift */; };
/* End PBXBuildFile section */

/* Begin PBXFileReference section */
		5B1DD9732A075A0C008996DA /* OpenAIClient.swift */ = {isa = PBXFileReference; lastKnownFileType = sourcecode.swift; path = OpenAIClient.swift; sourceTree = "<group>"; };
		5B1DD9762A075CD4008996DA /* ChatRequest.swift */ = {isa = PBXFileReference; lastKnownFileType = sourcecode.swift; path = ChatRequest.swift; sourceTree = "<group>"; };
		5B1DD97A2A075E6D008996DA /* ChatMessage.swift */ = {isa = PBXFileReference; lastKnownFileType = sourcecode.swift; path = ChatMessage.swift; sourceTree = "<group>"; };
		5B1DD97C2A075EBD008996DA /* ChatResponse.swift */ = {isa = PBXFileReference; lastKnownFileType = sourcecode.swift; path = ChatResponse.swift; sourceTree = "<group>"; };
		5B1DD97E2A075F5C008996DA /* Usage.swift */ = {isa = PBXFileReference; lastKnownFileType = sourcecode.swift; path = Usage.swift; sourceTree = "<group>"; };
		5B1DD9802A075FBB008996DA /* FinishReason.swift */ = {isa = PBXFileReference; lastKnownFileType = sourcecode.swift; path = FinishReason.swift; sourceTree = "<group>"; };
		5B1DD9832A0765A6008996DA /* APIRequest.swift */ = {isa = PBXFileReference; lastKnownFileType = sourcecode.swift; path = APIRequest.swift; sourceTree = "<group>"; };
		5B1DD9852A0765AE008996DA /* APIResponse.swift */ = {isa = PBXFileReference; lastKnownFileType = sourcecode.swift; path = APIResponse.swift; sourceTree = "<group>"; };
		5B1DD9872A0765C0008996DA /* APICommunicator.swift */ = {isa = PBXFileReference; lastKnownFileType = sourcecode.swift; path = APICommunicator.swift; sourceTree = "<group>"; };
		5B1DD9892A07A866008996DA /* DevMenuView.swift */ = {isa = PBXFileReference; lastKnownFileType = sourcecode.swift; path = DevMenuView.swift; sourceTree = "<group>"; };
		5B426F182A0A5AC9006294C0 /* Style.swift */ = {isa = PBXFileReference; lastKnownFileType = sourcecode.swift; path = Style.swift; sourceTree = "<group>"; };
		5B6A6C3A2A0F875300303B4B /* OpenAIModel.swift */ = {isa = PBXFileReference; lastKnownFileType = sourcecode.swift; path = OpenAIModel.swift; sourceTree = "<group>"; };
		5B6A6C3D2A0F882D00303B4B /* ModelsResponse.swift */ = {isa = PBXFileReference; lastKnownFileType = sourcecode.swift; path = ModelsResponse.swift; sourceTree = "<group>"; };
		5B83CC832A0BA74F00A77FC6 /* View+Extension.swift */ = {isa = PBXFileReference; lastKnownFileType = sourcecode.swift; path = "View+Extension.swift"; sourceTree = "<group>"; };
		5B963B7D2A189097005921F5 /* JSONHelper.swift */ = {isa = PBXFileReference; lastKnownFileType = sourcecode.swift; path = JSONHelper.swift; sourceTree = "<group>"; };
		5B963B7F2A18A580005921F5 /* MessageBuilder.swift */ = {isa = PBXFileReference; lastKnownFileType = sourcecode.swift; path = MessageBuilder.swift; sourceTree = "<group>"; };
		5B963B812A18CAD4005921F5 /* AppState.swift */ = {isa = PBXFileReference; lastKnownFileType = sourcecode.swift; path = AppState.swift; sourceTree = "<group>"; };
		5BB0AA882A10D799003A8804 /* Summary+CoreDataClass.swift */ = {isa = PBXFileReference; lastKnownFileType = sourcecode.swift; name = "Summary+CoreDataClass.swift"; path = "Advisers/Models/Summary+CoreDataClass.swift"; sourceTree = SOURCE_ROOT; };
		5BB0AA892A10D799003A8804 /* Summary+CoreDataProperties.swift */ = {isa = PBXFileReference; lastKnownFileType = sourcecode.swift; name = "Summary+CoreDataProperties.swift"; path = "Advisers/Models/Summary+CoreDataProperties.swift"; sourceTree = SOURCE_ROOT; };
		5BD871EE2A049DAB003A169E /* UserDataManager.swift */ = {isa = PBXFileReference; lastKnownFileType = sourcecode.swift; path = UserDataManager.swift; sourceTree = "<group>"; };
		5BD871F02A04A237003A169E /* EditBotView.swift */ = {isa = PBXFileReference; lastKnownFileType = sourcecode.swift; path = EditBotView.swift; sourceTree = "<group>"; };
		5BD871F22A04A333003A169E /* NewBotView.swift */ = {isa = PBXFileReference; lastKnownFileType = sourcecode.swift; path = NewBotView.swift; sourceTree = "<group>"; };
		5BD871FE2A063E3D003A169E /* RoomBot+CoreDataClass.swift */ = {isa = PBXFileReference; lastKnownFileType = sourcecode.swift; path = "RoomBot+CoreDataClass.swift"; sourceTree = "<group>"; };
		5BD871FF2A063E3D003A169E /* RoomBot+CoreDataProperties.swift */ = {isa = PBXFileReference; lastKnownFileType = sourcecode.swift; path = "RoomBot+CoreDataProperties.swift"; sourceTree = "<group>"; };
		5BD872022A063F18003A169E /* RoomBotSelectView.swift */ = {isa = PBXFileReference; lastKnownFileType = sourcecode.swift; path = RoomBotSelectView.swift; sourceTree = "<group>"; };
		5BD872072A06608A003A169E /* OpenAIConfig.swift */ = {isa = PBXFileReference; lastKnownFileType = sourcecode.swift; path = OpenAIConfig.swift; sourceTree = "<group>"; };
		5BEFA4F02A036A41004B8537 /* Advisers.app */ = {isa = PBXFileReference; explicitFileType = wrapper.application; includeInIndex = 0; path = Advisers.app; sourceTree = BUILT_PRODUCTS_DIR; };
		5BEFA4F32A036A41004B8537 /* AdvisersApp.swift */ = {isa = PBXFileReference; lastKnownFileType = sourcecode.swift; path = AdvisersApp.swift; sourceTree = "<group>"; };
		5BEFA4F52A036A41004B8537 /* ContentView.swift */ = {isa = PBXFileReference; lastKnownFileType = sourcecode.swift; path = ContentView.swift; sourceTree = "<group>"; };
		5BEFA4F72A036A42004B8537 /* Assets.xcassets */ = {isa = PBXFileReference; lastKnownFileType = folder.assetcatalog; path = Assets.xcassets; sourceTree = "<group>"; };
		5BEFA4FA2A036A42004B8537 /* Preview Assets.xcassets */ = {isa = PBXFileReference; lastKnownFileType = folder.assetcatalog; path = "Preview Assets.xcassets"; sourceTree = "<group>"; };
		5BEFA4FC2A036A42004B8537 /* Persistence.swift */ = {isa = PBXFileReference; lastKnownFileType = sourcecode.swift; path = Persistence.swift; sourceTree = "<group>"; };
		5BEFA4FF2A036A42004B8537 /* Advisers.xcdatamodel */ = {isa = PBXFileReference; lastKnownFileType = wrapper.xcdatamodel; path = Advisers.xcdatamodel; sourceTree = "<group>"; };
		5BEFA5012A036A42004B8537 /* Advisers.entitlements */ = {isa = PBXFileReference; lastKnownFileType = text.plist.entitlements; path = Advisers.entitlements; sourceTree = "<group>"; };
		5BEFA5152A036F4A004B8537 /* Bot+CoreDataClass.swift */ = {isa = PBXFileReference; lastKnownFileType = sourcecode.swift; name = "Bot+CoreDataClass.swift"; path = "Advisers/Models/Bot+CoreDataClass.swift"; sourceTree = SOURCE_ROOT; };
		5BEFA5162A036F4A004B8537 /* Bot+CoreDataProperties.swift */ = {isa = PBXFileReference; lastKnownFileType = sourcecode.swift; name = "Bot+CoreDataProperties.swift"; path = "Advisers/Models/Bot+CoreDataProperties.swift"; sourceTree = SOURCE_ROOT; };
		5BEFA5172A036F4A004B8537 /* Room+CoreDataClass.swift */ = {isa = PBXFileReference; lastKnownFileType = sourcecode.swift; name = "Room+CoreDataClass.swift"; path = "Advisers/Models/Room+CoreDataClass.swift"; sourceTree = SOURCE_ROOT; };
		5BEFA5182A036F4A004B8537 /* Room+CoreDataProperties.swift */ = {isa = PBXFileReference; lastKnownFileType = sourcecode.swift; name = "Room+CoreDataProperties.swift"; path = "Advisers/Models/Room+CoreDataProperties.swift"; sourceTree = SOURCE_ROOT; };
		5BEFA5212A036FAE004B8537 /* RoomListView.swift */ = {isa = PBXFileReference; lastKnownFileType = sourcecode.swift; path = RoomListView.swift; sourceTree = "<group>"; };
		5BEFA5232A037196004B8537 /* Date+Extension.swift */ = {isa = PBXFileReference; lastKnownFileType = sourcecode.swift; path = "Date+Extension.swift"; sourceTree = "<group>"; };
		5BEFA5252A037619004B8537 /* RoomView.swift */ = {isa = PBXFileReference; lastKnownFileType = sourcecode.swift; path = RoomView.swift; sourceTree = "<group>"; };
		5BEFA5272A0386FA004B8537 /* MessageRowView.swift */ = {isa = PBXFileReference; lastKnownFileType = sourcecode.swift; path = MessageRowView.swift; sourceTree = "<group>"; };
		5BEFA5312A0391CA004B8537 /* UserMessage+CoreDataClass.swift */ = {isa = PBXFileReference; lastKnownFileType = sourcecode.swift; name = "UserMessage+CoreDataClass.swift"; path = "Advisers/Models/UserMessage+CoreDataClass.swift"; sourceTree = SOURCE_ROOT; };
		5BEFA5322A0391CA004B8537 /* UserMessage+CoreDataProperties.swift */ = {isa = PBXFileReference; lastKnownFileType = sourcecode.swift; name = "UserMessage+CoreDataProperties.swift"; path = "Advisers/Models/UserMessage+CoreDataProperties.swift"; sourceTree = SOURCE_ROOT; };
		5BEFA5332A0391CA004B8537 /* BotMessage+CoreDataClass.swift */ = {isa = PBXFileReference; lastKnownFileType = sourcecode.swift; name = "BotMessage+CoreDataClass.swift"; path = "Advisers/Models/BotMessage+CoreDataClass.swift"; sourceTree = SOURCE_ROOT; };
		5BEFA5342A0391CA004B8537 /* BotMessage+CoreDataProperties.swift */ = {isa = PBXFileReference; lastKnownFileType = sourcecode.swift; name = "BotMessage+CoreDataProperties.swift"; path = "Advisers/Models/BotMessage+CoreDataProperties.swift"; sourceTree = SOURCE_ROOT; };
		5BEFA5392A03961A004B8537 /* Message.swift */ = {isa = PBXFileReference; lastKnownFileType = sourcecode.swift; path = Message.swift; sourceTree = "<group>"; };
		5BEFA5412A03AD42004B8537 /* NewRoomView.swift */ = {isa = PBXFileReference; lastKnownFileType = sourcecode.swift; path = NewRoomView.swift; sourceTree = "<group>"; };
		5BEFA5432A03B128004B8537 /* RoomSettingView.swift */ = {isa = PBXFileReference; lastKnownFileType = sourcecode.swift; path = RoomSettingView.swift; sourceTree = "<group>"; };
		5BEFA5452A03B327004B8537 /* ModifyRoomNameView.swift */ = {isa = PBXFileReference; fileEncoding = 4; lastKnownFileType = sourcecode.swift; path = ModifyRoomNameView.swift; sourceTree = "<group>"; };
		5BEFA5472A03B38A004B8537 /* BasicRoomSettingView.swift */ = {isa = PBXFileReference; lastKnownFileType = sourcecode.swift; path = BasicRoomSettingView.swift; sourceTree = "<group>"; };
		5BEFA5492A03B7C0004B8537 /* RoomBotSettingView.swift */ = {isa = PBXFileReference; lastKnownFileType = sourcecode.swift; path = RoomBotSettingView.swift; sourceTree = "<group>"; };
		5BEFA54B2A03BC53004B8537 /* AppSettingView.swift */ = {isa = PBXFileReference; lastKnownFileType = sourcecode.swift; path = AppSettingView.swift; sourceTree = "<group>"; };
		5BEFA54D2A03BC79004B8537 /* AppBasicSettingView.swift */ = {isa = PBXFileReference; lastKnownFileType = sourcecode.swift; path = AppBasicSettingView.swift; sourceTree = "<group>"; };
		5BEFA54F2A03BC8C004B8537 /* BotSettingView.swift */ = {isa = PBXFileReference; lastKnownFileType = sourcecode.swift; path = BotSettingView.swift; sourceTree = "<group>"; };
		5BFC40302A07DE7F002AEBEC /* RoomConversationView.swift */ = {isa = PBXFileReference; lastKnownFileType = sourcecode.swift; path = RoomConversationView.swift; sourceTree = "<group>"; };
/* End PBXFileReference section */

/* Begin PBXFrameworksBuildPhase section */
		5BEFA4ED2A036A41004B8537 /* Frameworks */ = {
			isa = PBXFrameworksBuildPhase;
			buildActionMask = 2147483647;
			files = (
			);
			runOnlyForDeploymentPostprocessing = 0;
		};
/* End PBXFrameworksBuildPhase section */

/* Begin PBXGroup section */
		5B1DD9722A0759F3008996DA /* OpenAI */ = {
			isa = PBXGroup;
			children = (
				5BD872072A06608A003A169E /* OpenAIConfig.swift */,
				5B1DD9732A075A0C008996DA /* OpenAIClient.swift */,
				5B1DD97E2A075F5C008996DA /* Usage.swift */,
				5B6A6C3A2A0F875300303B4B /* OpenAIModel.swift */,
				5B6A6C3C2A0F87B800303B4B /* Models */,
				5B1DD9752A075CC0008996DA /* Chat */,
			);
			path = OpenAI;
			sourceTree = "<group>";
		};
		5B1DD9752A075CC0008996DA /* Chat */ = {
			isa = PBXGroup;
			children = (
				5B1DD9762A075CD4008996DA /* ChatRequest.swift */,
				5B1DD97C2A075EBD008996DA /* ChatResponse.swift */,
				5B1DD97A2A075E6D008996DA /* ChatMessage.swift */,
				5B1DD9802A075FBB008996DA /* FinishReason.swift */,
			);
			path = Chat;
			sourceTree = "<group>";
		};
		5B1DD9822A07658A008996DA /* API */ = {
			isa = PBXGroup;
			children = (
				5B1DD9832A0765A6008996DA /* APIRequest.swift */,
				5B1DD9852A0765AE008996DA /* APIResponse.swift */,
				5B1DD9872A0765C0008996DA /* APICommunicator.swift */,
				5B1DD9722A0759F3008996DA /* OpenAI */,
			);
			path = API;
			sourceTree = "<group>";
		};
		5B6A6C3C2A0F87B800303B4B /* Models */ = {
			isa = PBXGroup;
			children = (
				5B6A6C3D2A0F882D00303B4B /* ModelsResponse.swift */,
			);
			path = Models;
			sourceTree = "<group>";
		};
		5BEFA4E72A036A41004B8537 = {
			isa = PBXGroup;
			children = (
				5BEFA4F22A036A41004B8537 /* Advisers */,
				5BEFA4F12A036A41004B8537 /* Products */,
			);
			sourceTree = "<group>";
		};
		5BEFA4F12A036A41004B8537 /* Products */ = {
			isa = PBXGroup;
			children = (
				5BEFA4F02A036A41004B8537 /* Advisers.app */,
			);
			name = Products;
			sourceTree = "<group>";
		};
		5BEFA4F22A036A41004B8537 /* Advisers */ = {
			isa = PBXGroup;
			children = (
				5BEFA4F32A036A41004B8537 /* AdvisersApp.swift */,
				5BEFA4F52A036A41004B8537 /* ContentView.swift */,
				5B963B812A18CAD4005921F5 /* AppState.swift */,
				5BEFA4FC2A036A42004B8537 /* Persistence.swift */,
				5BEFA5232A037196004B8537 /* Date+Extension.swift */,
				5BD871EE2A049DAB003A169E /* UserDataManager.swift */,
				5B426F182A0A5AC9006294C0 /* Style.swift */,
				5B963B7D2A189097005921F5 /* JSONHelper.swift */,
				5B963B7F2A18A580005921F5 /* MessageBuilder.swift */,
				5B1DD9822A07658A008996DA /* API */,
				5BEFA5082A036A61004B8537 /* Models */,
				5BEFA5072A036A5A004B8537 /* Views */,
				5BEFA4F72A036A42004B8537 /* Assets.xcassets */,
				5BEFA5012A036A42004B8537 /* Advisers.entitlements */,
				5BEFA4FE2A036A42004B8537 /* Advisers.xcdatamodeld */,
				5BEFA4F92A036A42004B8537 /* Preview Content */,
			);
			path = Advisers;
			sourceTree = "<group>";
		};
		5BEFA4F92A036A42004B8537 /* Preview Content */ = {
			isa = PBXGroup;
			children = (
				5BEFA4FA2A036A42004B8537 /* Preview Assets.xcassets */,
			);
			path = "Preview Content";
			sourceTree = "<group>";
		};
		5BEFA5072A036A5A004B8537 /* Views */ = {
			isa = PBXGroup;
			children = (
				5B83CC832A0BA74F00A77FC6 /* View+Extension.swift */,
				5BEFA5212A036FAE004B8537 /* RoomListView.swift */,
				5BEFA5252A037619004B8537 /* RoomView.swift */,
				5BFC40302A07DE7F002AEBEC /* RoomConversationView.swift */,
				5BEFA5272A0386FA004B8537 /* MessageRowView.swift */,
				5BEFA5402A03AD1D004B8537 /* AppSetting */,
				5BEFA53F2A03AD13004B8537 /* RoomSetting */,
			);
			path = Views;
			sourceTree = "<group>";
		};
		5BEFA5082A036A61004B8537 /* Models */ = {
			isa = PBXGroup;
			children = (
				5BB0AA882A10D799003A8804 /* Summary+CoreDataClass.swift */,
				5BB0AA892A10D799003A8804 /* Summary+CoreDataProperties.swift */,
				5BD871FE2A063E3D003A169E /* RoomBot+CoreDataClass.swift */,
				5BD871FF2A063E3D003A169E /* RoomBot+CoreDataProperties.swift */,
				5BEFA5312A0391CA004B8537 /* UserMessage+CoreDataClass.swift */,
				5BEFA5322A0391CA004B8537 /* UserMessage+CoreDataProperties.swift */,
				5BEFA5332A0391CA004B8537 /* BotMessage+CoreDataClass.swift */,
				5BEFA5342A0391CA004B8537 /* BotMessage+CoreDataProperties.swift */,
				5BEFA5152A036F4A004B8537 /* Bot+CoreDataClass.swift */,
				5BEFA5162A036F4A004B8537 /* Bot+CoreDataProperties.swift */,
				5BEFA5172A036F4A004B8537 /* Room+CoreDataClass.swift */,
				5BEFA5182A036F4A004B8537 /* Room+CoreDataProperties.swift */,
				5BEFA5392A03961A004B8537 /* Message.swift */,
			);
			path = Models;
			sourceTree = "<group>";
		};
		5BEFA53F2A03AD13004B8537 /* RoomSetting */ = {
			isa = PBXGroup;
			children = (
				5BEFA5412A03AD42004B8537 /* NewRoomView.swift */,
				5BEFA5432A03B128004B8537 /* RoomSettingView.swift */,
				5BEFA5472A03B38A004B8537 /* BasicRoomSettingView.swift */,
				5BEFA5492A03B7C0004B8537 /* RoomBotSettingView.swift */,
				5BD872022A063F18003A169E /* RoomBotSelectView.swift */,
				5BEFA5452A03B327004B8537 /* ModifyRoomNameView.swift */,
			);
			path = RoomSetting;
			sourceTree = "<group>";
		};
		5BEFA5402A03AD1D004B8537 /* AppSetting */ = {
			isa = PBXGroup;
			children = (
				5BEFA54B2A03BC53004B8537 /* AppSettingView.swift */,
				5BEFA54D2A03BC79004B8537 /* AppBasicSettingView.swift */,
				5BEFA54F2A03BC8C004B8537 /* BotSettingView.swift */,
				5BD871F02A04A237003A169E /* EditBotView.swift */,
				5BD871F22A04A333003A169E /* NewBotView.swift */,
				5B1DD9892A07A866008996DA /* DevMenuView.swift */,
			);
			path = AppSetting;
			sourceTree = "<group>";
		};
/* End PBXGroup section */

/* Begin PBXNativeTarget section */
		5BEFA4EF2A036A41004B8537 /* Advisers */ = {
			isa = PBXNativeTarget;
			buildConfigurationList = 5BEFA5042A036A42004B8537 /* Build configuration list for PBXNativeTarget "Advisers" */;
			buildPhases = (
				5BEFA4EC2A036A41004B8537 /* Sources */,
				5BEFA4ED2A036A41004B8537 /* Frameworks */,
				5BEFA4EE2A036A41004B8537 /* Resources */,
			);
			buildRules = (
			);
			dependencies = (
			);
			name = Advisers;
			packageProductDependencies = (
			);
			productName = Advisers;
			productReference = 5BEFA4F02A036A41004B8537 /* Advisers.app */;
			productType = "com.apple.product-type.application";
		};
/* End PBXNativeTarget section */

/* Begin PBXProject section */
		5BEFA4E82A036A41004B8537 /* Project object */ = {
			isa = PBXProject;
			attributes = {
				BuildIndependentTargetsInParallel = 1;
				LastSwiftUpdateCheck = 1430;
				LastUpgradeCheck = 1430;
				TargetAttributes = {
					5BEFA4EF2A036A41004B8537 = {
						CreatedOnToolsVersion = 14.3;
					};
				};
			};
			buildConfigurationList = 5BEFA4EB2A036A41004B8537 /* Build configuration list for PBXProject "Advisers" */;
			compatibilityVersion = "Xcode 14.0";
			developmentRegion = en;
			hasScannedForEncodings = 0;
			knownRegions = (
				en,
				Base,
			);
			mainGroup = 5BEFA4E72A036A41004B8537;
			packageReferences = (
			);
			productRefGroup = 5BEFA4F12A036A41004B8537 /* Products */;
			projectDirPath = "";
			projectRoot = "";
			targets = (
				5BEFA4EF2A036A41004B8537 /* Advisers */,
			);
		};
/* End PBXProject section */

/* Begin PBXResourcesBuildPhase section */
		5BEFA4EE2A036A41004B8537 /* Resources */ = {
			isa = PBXResourcesBuildPhase;
			buildActionMask = 2147483647;
			files = (
				5BEFA4FB2A036A42004B8537 /* Preview Assets.xcassets in Resources */,
				5BEFA4F82A036A42004B8537 /* Assets.xcassets in Resources */,
			);
			runOnlyForDeploymentPostprocessing = 0;
		};
/* End PBXResourcesBuildPhase section */

/* Begin PBXSourcesBuildPhase section */
		5BEFA4EC2A036A41004B8537 /* Sources */ = {
			isa = PBXSourcesBuildPhase;
			buildActionMask = 2147483647;
			files = (
				5BD871EF2A049DAB003A169E /* UserDataManager.swift in Sources */,
				5B426F192A0A5AC9006294C0 /* Style.swift in Sources */,
				5B1DD9812A075FBB008996DA /* FinishReason.swift in Sources */,
				5BEFA51E2A036F4A004B8537 /* Room+CoreDataProperties.swift in Sources */,
				5BEFA54C2A03BC53004B8537 /* AppSettingView.swift in Sources */,
				5BEFA4FD2A036A42004B8537 /* Persistence.swift in Sources */,
				5BEFA5222A036FAE004B8537 /* RoomListView.swift in Sources */,
				5BEFA5382A0391CA004B8537 /* BotMessage+CoreDataProperties.swift in Sources */,
				5BFC40312A07DE7F002AEBEC /* RoomConversationView.swift in Sources */,
				5BEFA51D2A036F4A004B8537 /* Room+CoreDataClass.swift in Sources */,
				5B1DD9772A075CD4008996DA /* ChatRequest.swift in Sources */,
				5BEFA4F62A036A41004B8537 /* ContentView.swift in Sources */,
				5BEFA5282A0386FA004B8537 /* MessageRowView.swift in Sources */,
				5B1DD97F2A075F5C008996DA /* Usage.swift in Sources */,
				5B963B802A18A580005921F5 /* MessageBuilder.swift in Sources */,
				5BEFA5442A03B128004B8537 /* RoomSettingView.swift in Sources */,
				5BEFA53A2A03961A004B8537 /* Message.swift in Sources */,
				5BEFA5482A03B38A004B8537 /* BasicRoomSettingView.swift in Sources */,
				5BEFA5242A037196004B8537 /* Date+Extension.swift in Sources */,
				5BEFA5422A03AD42004B8537 /* NewRoomView.swift in Sources */,
				5BEFA54E2A03BC79004B8537 /* AppBasicSettingView.swift in Sources */,
				5BEFA5352A0391CA004B8537 /* UserMessage+CoreDataClass.swift in Sources */,
				5BEFA54A2A03B7C0004B8537 /* RoomBotSettingView.swift in Sources */,
				5B963B822A18CAD4005921F5 /* AppState.swift in Sources */,
				5BD872032A063F18003A169E /* RoomBotSelectView.swift in Sources */,
				5BEFA5502A03BC8C004B8537 /* BotSettingView.swift in Sources */,
				5BD872002A063E3D003A169E /* RoomBot+CoreDataClass.swift in Sources */,
				5BD871F32A04A333003A169E /* NewBotView.swift in Sources */,
				5BD872012A063E3D003A169E /* RoomBot+CoreDataProperties.swift in Sources */,
				5B1DD98A2A07A866008996DA /* DevMenuView.swift in Sources */,
				5BEFA5462A03B327004B8537 /* ModifyRoomNameView.swift in Sources */,
				5B83CC842A0BA74F00A77FC6 /* View+Extension.swift in Sources */,
				5B1DD9742A075A0C008996DA /* OpenAIClient.swift in Sources */,
				5BEFA5002A036A42004B8537 /* Advisers.xcdatamodeld in Sources */,
				5BD871F12A04A237003A169E /* EditBotView.swift in Sources */,
				5B1DD9862A0765AE008996DA /* APIResponse.swift in Sources */,
				5BEFA51B2A036F4A004B8537 /* Bot+CoreDataClass.swift in Sources */,
				5BEFA5262A037619004B8537 /* RoomView.swift in Sources */,
				5B1DD97B2A075E6D008996DA /* ChatMessage.swift in Sources */,
				5B6A6C3B2A0F875300303B4B /* OpenAIModel.swift in Sources */,
				5BB0AA8B2A10D799003A8804 /* Summary+CoreDataProperties.swift in Sources */,
				5B963B7E2A189097005921F5 /* JSONHelper.swift in Sources */,
				5B1DD97D2A075EBD008996DA /* ChatResponse.swift in Sources */,
				5BD872082A06608A003A169E /* OpenAIConfig.swift in Sources */,
				5BB0AA8A2A10D799003A8804 /* Summary+CoreDataClass.swift in Sources */,
				5BEFA4F42A036A41004B8537 /* AdvisersApp.swift in Sources */,
				5BEFA5362A0391CA004B8537 /* UserMessage+CoreDataProperties.swift in Sources */,
				5B6A6C3E2A0F882D00303B4B /* ModelsResponse.swift in Sources */,
				5BEFA5372A0391CA004B8537 /* BotMessage+CoreDataClass.swift in Sources */,
				5B1DD9842A0765A6008996DA /* APIRequest.swift in Sources */,
				5BEFA51C2A036F4A004B8537 /* Bot+CoreDataProperties.swift in Sources */,
				5B1DD9882A0765C0008996DA /* APICommunicator.swift in Sources */,
			);
			runOnlyForDeploymentPostprocessing = 0;
		};
/* End PBXSourcesBuildPhase section */

/* Begin XCBuildConfiguration section */
		5BEFA5022A036A42004B8537 /* Debug */ = {
			isa = XCBuildConfiguration;
			buildSettings = {
				ALWAYS_SEARCH_USER_PATHS = NO;
				CLANG_ANALYZER_NONNULL = YES;
				CLANG_ANALYZER_NUMBER_OBJECT_CONVERSION = YES_AGGRESSIVE;
				CLANG_CXX_LANGUAGE_STANDARD = "gnu++20";
				CLANG_ENABLE_MODULES = YES;
				CLANG_ENABLE_OBJC_ARC = YES;
				CLANG_ENABLE_OBJC_WEAK = YES;
				CLANG_WARN_BLOCK_CAPTURE_AUTORELEASING = YES;
				CLANG_WARN_BOOL_CONVERSION = YES;
				CLANG_WARN_COMMA = YES;
				CLANG_WARN_CONSTANT_CONVERSION = YES;
				CLANG_WARN_DEPRECATED_OBJC_IMPLEMENTATIONS = YES;
				CLANG_WARN_DIRECT_OBJC_ISA_USAGE = YES_ERROR;
				CLANG_WARN_DOCUMENTATION_COMMENTS = YES;
				CLANG_WARN_EMPTY_BODY = YES;
				CLANG_WARN_ENUM_CONVERSION = YES;
				CLANG_WARN_INFINITE_RECURSION = YES;
				CLANG_WARN_INT_CONVERSION = YES;
				CLANG_WARN_NON_LITERAL_NULL_CONVERSION = YES;
				CLANG_WARN_OBJC_IMPLICIT_RETAIN_SELF = YES;
				CLANG_WARN_OBJC_LITERAL_CONVERSION = YES;
				CLANG_WARN_OBJC_ROOT_CLASS = YES_ERROR;
				CLANG_WARN_QUOTED_INCLUDE_IN_FRAMEWORK_HEADER = YES;
				CLANG_WARN_RANGE_LOOP_ANALYSIS = YES;
				CLANG_WARN_STRICT_PROTOTYPES = YES;
				CLANG_WARN_SUSPICIOUS_MOVE = YES;
				CLANG_WARN_UNGUARDED_AVAILABILITY = YES_AGGRESSIVE;
				CLANG_WARN_UNREACHABLE_CODE = YES;
				CLANG_WARN__DUPLICATE_METHOD_MATCH = YES;
				COPY_PHASE_STRIP = NO;
				DEBUG_INFORMATION_FORMAT = dwarf;
				ENABLE_STRICT_OBJC_MSGSEND = YES;
				ENABLE_TESTABILITY = YES;
				GCC_C_LANGUAGE_STANDARD = gnu11;
				GCC_DYNAMIC_NO_PIC = NO;
				GCC_NO_COMMON_BLOCKS = YES;
				GCC_OPTIMIZATION_LEVEL = 0;
				GCC_PREPROCESSOR_DEFINITIONS = (
					"DEBUG=1",
					"$(inherited)",
				);
				GCC_WARN_64_TO_32_BIT_CONVERSION = YES;
				GCC_WARN_ABOUT_RETURN_TYPE = YES_ERROR;
				GCC_WARN_UNDECLARED_SELECTOR = YES;
				GCC_WARN_UNINITIALIZED_AUTOS = YES_AGGRESSIVE;
				GCC_WARN_UNUSED_FUNCTION = YES;
				GCC_WARN_UNUSED_VARIABLE = YES;
				MACOSX_DEPLOYMENT_TARGET = 13.3;
				MTL_ENABLE_DEBUG_INFO = INCLUDE_SOURCE;
				MTL_FAST_MATH = YES;
				ONLY_ACTIVE_ARCH = YES;
				SDKROOT = macosx;
				SWIFT_ACTIVE_COMPILATION_CONDITIONS = DEBUG;
				SWIFT_OPTIMIZATION_LEVEL = "-Onone";
			};
			name = Debug;
		};
		5BEFA5032A036A42004B8537 /* Release */ = {
			isa = XCBuildConfiguration;
			buildSettings = {
				ALWAYS_SEARCH_USER_PATHS = NO;
				CLANG_ANALYZER_NONNULL = YES;
				CLANG_ANALYZER_NUMBER_OBJECT_CONVERSION = YES_AGGRESSIVE;
				CLANG_CXX_LANGUAGE_STANDARD = "gnu++20";
				CLANG_ENABLE_MODULES = YES;
				CLANG_ENABLE_OBJC_ARC = YES;
				CLANG_ENABLE_OBJC_WEAK = YES;
				CLANG_WARN_BLOCK_CAPTURE_AUTORELEASING = YES;
				CLANG_WARN_BOOL_CONVERSION = YES;
				CLANG_WARN_COMMA = YES;
				CLANG_WARN_CONSTANT_CONVERSION = YES;
				CLANG_WARN_DEPRECATED_OBJC_IMPLEMENTATIONS = YES;
				CLANG_WARN_DIRECT_OBJC_ISA_USAGE = YES_ERROR;
				CLANG_WARN_DOCUMENTATION_COMMENTS = YES;
				CLANG_WARN_EMPTY_BODY = YES;
				CLANG_WARN_ENUM_CONVERSION = YES;
				CLANG_WARN_INFINITE_RECURSION = YES;
				CLANG_WARN_INT_CONVERSION = YES;
				CLANG_WARN_NON_LITERAL_NULL_CONVERSION = YES;
				CLANG_WARN_OBJC_IMPLICIT_RETAIN_SELF = YES;
				CLANG_WARN_OBJC_LITERAL_CONVERSION = YES;
				CLANG_WARN_OBJC_ROOT_CLASS = YES_ERROR;
				CLANG_WARN_QUOTED_INCLUDE_IN_FRAMEWORK_HEADER = YES;
				CLANG_WARN_RANGE_LOOP_ANALYSIS = YES;
				CLANG_WARN_STRICT_PROTOTYPES = YES;
				CLANG_WARN_SUSPICIOUS_MOVE = YES;
				CLANG_WARN_UNGUARDED_AVAILABILITY = YES_AGGRESSIVE;
				CLANG_WARN_UNREACHABLE_CODE = YES;
				CLANG_WARN__DUPLICATE_METHOD_MATCH = YES;
				COPY_PHASE_STRIP = NO;
				DEBUG_INFORMATION_FORMAT = "dwarf-with-dsym";
				ENABLE_NS_ASSERTIONS = NO;
				ENABLE_STRICT_OBJC_MSGSEND = YES;
				GCC_C_LANGUAGE_STANDARD = gnu11;
				GCC_NO_COMMON_BLOCKS = YES;
				GCC_WARN_64_TO_32_BIT_CONVERSION = YES;
				GCC_WARN_ABOUT_RETURN_TYPE = YES_ERROR;
				GCC_WARN_UNDECLARED_SELECTOR = YES;
				GCC_WARN_UNINITIALIZED_AUTOS = YES_AGGRESSIVE;
				GCC_WARN_UNUSED_FUNCTION = YES;
				GCC_WARN_UNUSED_VARIABLE = YES;
				MACOSX_DEPLOYMENT_TARGET = 13.3;
				MTL_ENABLE_DEBUG_INFO = NO;
				MTL_FAST_MATH = YES;
				SDKROOT = macosx;
				SWIFT_COMPILATION_MODE = wholemodule;
				SWIFT_OPTIMIZATION_LEVEL = "-O";
			};
			name = Release;
		};
		5BEFA5052A036A42004B8537 /* Debug */ = {
			isa = XCBuildConfiguration;
			buildSettings = {
				ASSETCATALOG_COMPILER_APPICON_NAME = AppIcon;
				ASSETCATALOG_COMPILER_GLOBAL_ACCENT_COLOR_NAME = AccentColor;
				CODE_SIGN_ENTITLEMENTS = Advisers/Advisers.entitlements;
				CODE_SIGN_STYLE = Automatic;
				COMBINE_HIDPI_IMAGES = YES;
				CURRENT_PROJECT_VERSION = 1;
				DEVELOPMENT_ASSET_PATHS = "\"Advisers/Preview Content\"";
				DEVELOPMENT_TEAM = GG3P5NSEE6;
				ENABLE_HARDENED_RUNTIME = YES;
				ENABLE_PREVIEWS = YES;
				GENERATE_INFOPLIST_FILE = YES;
				INFOPLIST_KEY_NSHumanReadableCopyright = "";
				LD_RUNPATH_SEARCH_PATHS = (
					"$(inherited)",
					"@executable_path/../Frameworks",
				);
				MARKETING_VERSION = 1.0;
				PRODUCT_BUNDLE_IDENTIFIER = jp.kkoichi.Advisers;
				PRODUCT_NAME = "$(TARGET_NAME)";
				SWIFT_EMIT_LOC_STRINGS = YES;
				SWIFT_VERSION = 5.0;
			};
			name = Debug;
		};
		5BEFA5062A036A42004B8537 /* Release */ = {
			isa = XCBuildConfiguration;
			buildSettings = {
				ASSETCATALOG_COMPILER_APPICON_NAME = AppIcon;
				ASSETCATALOG_COMPILER_GLOBAL_ACCENT_COLOR_NAME = AccentColor;
				CODE_SIGN_ENTITLEMENTS = Advisers/Advisers.entitlements;
				CODE_SIGN_STYLE = Automatic;
				COMBINE_HIDPI_IMAGES = YES;
				CURRENT_PROJECT_VERSION = 1;
				DEVELOPMENT_ASSET_PATHS = "\"Advisers/Preview Content\"";
				DEVELOPMENT_TEAM = GG3P5NSEE6;
				ENABLE_HARDENED_RUNTIME = YES;
				ENABLE_PREVIEWS = YES;
				GENERATE_INFOPLIST_FILE = YES;
				INFOPLIST_KEY_NSHumanReadableCopyright = "";
				LD_RUNPATH_SEARCH_PATHS = (
					"$(inherited)",
					"@executable_path/../Frameworks",
				);
				MARKETING_VERSION = 1.0;
				PRODUCT_BUNDLE_IDENTIFIER = jp.kkoichi.Advisers;
				PRODUCT_NAME = "$(TARGET_NAME)";
				SWIFT_EMIT_LOC_STRINGS = YES;
				SWIFT_VERSION = 5.0;
			};
			name = Release;
		};
/* End XCBuildConfiguration section */

/* Begin XCConfigurationList section */
		5BEFA4EB2A036A41004B8537 /* Build configuration list for PBXProject "Advisers" */ = {
			isa = XCConfigurationList;
			buildConfigurations = (
				5BEFA5022A036A42004B8537 /* Debug */,
				5BEFA5032A036A42004B8537 /* Release */,
			);
			defaultConfigurationIsVisible = 0;
			defaultConfigurationName = Release;
		};
		5BEFA5042A036A42004B8537 /* Build configuration list for PBXNativeTarget "Advisers" */ = {
			isa = XCConfigurationList;
			buildConfigurations = (
				5BEFA5052A036A42004B8537 /* Debug */,
				5BEFA5062A036A42004B8537 /* Release */,
			);
			defaultConfigurationIsVisible = 0;
			defaultConfigurationName = Release;
		};
/* End XCConfigurationList section */

/* Begin XCVersionGroup section */
		5BEFA4FE2A036A42004B8537 /* Advisers.xcdatamodeld */ = {
			isa = XCVersionGroup;
			children = (
				5BEFA4FF2A036A42004B8537 /* Advisers.xcdatamodel */,
			);
			currentVersion = 5BEFA4FF2A036A42004B8537 /* Advisers.xcdatamodel */;
			path = Advisers.xcdatamodeld;
			sourceTree = "<group>";
			versionGroupType = wrapper.xcdatamodel;
		};
/* End XCVersionGroup section */
	};
	rootObject = 5BEFA4E82A036A41004B8537 /* Project object */;
}
